// !$*UTF8*$!
{
	archiveVersion = 1;
	classes = {
	};
	objectVersion = 77;
	objects = {

/* Begin PBXBuildFile section */
		EDEC9C042E33AB920083ADDB /* ToDoEntity+CoreDataClass.swift in Sources */ = {isa = PBXBuildFile; fileRef = EDEC9C022E33AB920083ADDB /* ToDoEntity+CoreDataClass.swift */; };
		EDEC9C052E33AB920083ADDB /* ToDoEntity+CoreDataProperties.swift in Sources */ = {isa = PBXBuildFile; fileRef = EDEC9C032E33AB920083ADDB /* ToDoEntity+CoreDataProperties.swift */; };
/* End PBXBuildFile section */

/* Begin PBXContainerItemProxy section */
		EDA1FC702E3131170039A4E3 /* PBXContainerItemProxy */ = {
			isa = PBXContainerItemProxy;
			containerPortal = EDA1FC552E3131150039A4E3 /* Project object */;
			proxyType = 1;
			remoteGlobalIDString = EDA1FC5C2E3131150039A4E3;
			remoteInfo = ToDOList;
		};
		EDA1FC7A2E3131170039A4E3 /* PBXContainerItemProxy */ = {
			isa = PBXContainerItemProxy;
			containerPortal = EDA1FC552E3131150039A4E3 /* Project object */;
			proxyType = 1;
			remoteGlobalIDString = EDA1FC5C2E3131150039A4E3;
			remoteInfo = ToDOList;
		};
/* End PBXContainerItemProxy section */

/* Begin PBXFileReference section */
		EDA1FC5D2E3131150039A4E3 /* ToDOList.app */ = {isa = PBXFileReference; explicitFileType = wrapper.application; includeInIndex = 0; path = ToDOList.app; sourceTree = BUILT_PRODUCTS_DIR; };
		EDA1FC6F2E3131170039A4E3 /* ToDOListTests.xctest */ = {isa = PBXFileReference; explicitFileType = wrapper.cfbundle; includeInIndex = 0; path = ToDOListTests.xctest; sourceTree = BUILT_PRODUCTS_DIR; };
		EDA1FC792E3131170039A4E3 /* ToDOListUITests.xctest */ = {isa = PBXFileReference; explicitFileType = wrapper.cfbundle; includeInIndex = 0; path = ToDOListUITests.xctest; sourceTree = BUILT_PRODUCTS_DIR; };
		EDEC9C022E33AB920083ADDB /* ToDoEntity+CoreDataClass.swift */ = {isa = PBXFileReference; lastKnownFileType = sourcecode.swift; path = "ToDoEntity+CoreDataClass.swift"; sourceTree = "<group>"; };
		EDEC9C032E33AB920083ADDB /* ToDoEntity+CoreDataProperties.swift */ = {isa = PBXFileReference; lastKnownFileType = sourcecode.swift; path = "ToDoEntity+CoreDataProperties.swift"; sourceTree = "<group>"; };
/* End PBXFileReference section */

/* Begin PBXFileSystemSynchronizedRootGroup section */
		EDA1FC5F2E3131150039A4E3 /* ToDOList */ = {
			isa = PBXFileSystemSynchronizedRootGroup;
			path = ToDOList;
			sourceTree = "<group>";
		};
		EDA1FC722E3131170039A4E3 /* ToDOListTests */ = {
			isa = PBXFileSystemSynchronizedRootGroup;
			path = ToDOListTests;
			sourceTree = "<group>";
		};
		EDA1FC7C2E3131170039A4E3 /* ToDOListUITests */ = {
			isa = PBXFileSystemSynchronizedRootGroup;
			path = ToDOListUITests;
			sourceTree = "<group>";
		};
/* End PBXFileSystemSynchronizedRootGroup section */

/* Begin PBXFrameworksBuildPhase section */
		EDA1FC5A2E3131150039A4E3 /* Frameworks */ = {
			isa = PBXFrameworksBuildPhase;
			buildActionMask = 2147483647;
			files = (
			);
			runOnlyForDeploymentPostprocessing = 0;
		};
		EDA1FC6C2E3131170039A4E3 /* Frameworks */ = {
			isa = PBXFrameworksBuildPhase;
			buildActionMask = 2147483647;
			files = (
			);
			runOnlyForDeploymentPostprocessing = 0;
		};
		EDA1FC762E3131170039A4E3 /* Frameworks */ = {
			isa = PBXFrameworksBuildPhase;
			buildActionMask = 2147483647;
			files = (
			);
			runOnlyForDeploymentPostprocessing = 0;
		};
/* End PBXFrameworksBuildPhase section */

/* Begin PBXGroup section */
		EDA1FC542E3131150039A4E3 = {
			isa = PBXGroup;
			children = (
				EDEC9C022E33AB920083ADDB /* ToDoEntity+CoreDataClass.swift */,
				EDEC9C032E33AB920083ADDB /* ToDoEntity+CoreDataProperties.swift */,
				EDA1FC5F2E3131150039A4E3 /* ToDOList */,
				EDA1FC722E3131170039A4E3 /* ToDOListTests */,
				EDA1FC7C2E3131170039A4E3 /* ToDOListUITests */,
				EDA1FC5E2E3131150039A4E3 /* Products */,
			);
			sourceTree = "<group>";
		};
		EDA1FC5E2E3131150039A4E3 /* Products */ = {
			isa = PBXGroup;
			children = (
				EDA1FC5D2E3131150039A4E3 /* ToDOList.app */,
				EDA1FC6F2E3131170039A4E3 /* ToDOListTests.xctest */,
				EDA1FC792E3131170039A4E3 /* ToDOListUITests.xctest */,
			);
			name = Products;
			sourceTree = "<group>";
		};
/* End PBXGroup section */

/* Begin PBXNativeTarget section */
		EDA1FC5C2E3131150039A4E3 /* ToDOList */ = {
			isa = PBXNativeTarget;
			buildConfigurationList = EDA1FC832E3131170039A4E3 /* Build configuration list for PBXNativeTarget "ToDOList" */;
			buildPhases = (
				EDA1FC592E3131150039A4E3 /* Sources */,
				EDA1FC5A2E3131150039A4E3 /* Frameworks */,
				EDA1FC5B2E3131150039A4E3 /* Resources */,
			);
			buildRules = (
			);
			dependencies = (
			);
			fileSystemSynchronizedGroups = (
				EDA1FC5F2E3131150039A4E3 /* ToDOList */,
			);
			name = ToDOList;
			packageProductDependencies = (
			);
			productName = ToDOList;
			productReference = EDA1FC5D2E3131150039A4E3 /* ToDOList.app */;
			productType = "com.apple.product-type.application";
		};
		EDA1FC6E2E3131170039A4E3 /* ToDOListTests */ = {
			isa = PBXNativeTarget;
			buildConfigurationList = EDA1FC862E3131170039A4E3 /* Build configuration list for PBXNativeTarget "ToDOListTests" */;
			buildPhases = (
				EDA1FC6B2E3131170039A4E3 /* Sources */,
				EDA1FC6C2E3131170039A4E3 /* Frameworks */,
				EDA1FC6D2E3131170039A4E3 /* Resources */,
			);
			buildRules = (
			);
			dependencies = (
				EDA1FC712E3131170039A4E3 /* PBXTargetDependency */,
			);
			fileSystemSynchronizedGroups = (
				EDA1FC722E3131170039A4E3 /* ToDOListTests */,
			);
			name = ToDOListTests;
			packageProductDependencies = (
			);
			productName = ToDOListTests;
			productReference = EDA1FC6F2E3131170039A4E3 /* ToDOListTests.xctest */;
			productType = "com.apple.product-type.bundle.unit-test";
		};
		EDA1FC782E3131170039A4E3 /* ToDOListUITests */ = {
			isa = PBXNativeTarget;
			buildConfigurationList = EDA1FC892E3131170039A4E3 /* Build configuration list for PBXNativeTarget "ToDOListUITests" */;
			buildPhases = (
				EDA1FC752E3131170039A4E3 /* Sources */,
				EDA1FC762E3131170039A4E3 /* Frameworks */,
				EDA1FC772E3131170039A4E3 /* Resources */,
			);
			buildRules = (
			);
			dependencies = (
				EDA1FC7B2E3131170039A4E3 /* PBXTargetDependency */,
			);
			fileSystemSynchronizedGroups = (
				EDA1FC7C2E3131170039A4E3 /* ToDOListUITests */,
			);
			name = ToDOListUITests;
			packageProductDependencies = (
			);
			productName = ToDOListUITests;
			productReference = EDA1FC792E3131170039A4E3 /* ToDOListUITests.xctest */;
			productType = "com.apple.product-type.bundle.ui-testing";
		};
/* End PBXNativeTarget section */

/* Begin PBXProject section */
		EDA1FC552E3131150039A4E3 /* Project object */ = {
			isa = PBXProject;
			attributes = {
				BuildIndependentTargetsInParallel = 1;
				LastSwiftUpdateCheck = 1640;
				LastUpgradeCheck = 1640;
				TargetAttributes = {
					EDA1FC5C2E3131150039A4E3 = {
						CreatedOnToolsVersion = 16.4;
					};
					EDA1FC6E2E3131170039A4E3 = {
						CreatedOnToolsVersion = 16.4;
						TestTargetID = EDA1FC5C2E3131150039A4E3;
					};
					EDA1FC782E3131170039A4E3 = {
						CreatedOnToolsVersion = 16.4;
						TestTargetID = EDA1FC5C2E3131150039A4E3;
					};
				};
			};
			buildConfigurationList = EDA1FC582E3131150039A4E3 /* Build configuration list for PBXProject "ToDOList" */;
			developmentRegion = en;
			hasScannedForEncodings = 0;
			knownRegions = (
				en,
				Base,
			);
			mainGroup = EDA1FC542E3131150039A4E3;
			minimizedProjectReferenceProxies = 1;
			preferredProjectObjectVersion = 77;
			productRefGroup = EDA1FC5E2E3131150039A4E3 /* Products */;
			projectDirPath = "";
			projectRoot = "";
			targets = (
				EDA1FC5C2E3131150039A4E3 /* ToDOList */,
				EDA1FC6E2E3131170039A4E3 /* ToDOListTests */,
				EDA1FC782E3131170039A4E3 /* ToDOListUITests */,
			);
		};
/* End PBXProject section */

/* Begin PBXResourcesBuildPhase section */
		EDA1FC5B2E3131150039A4E3 /* Resources */ = {
			isa = PBXResourcesBuildPhase;
			buildActionMask = 2147483647;
			files = (
			);
			runOnlyForDeploymentPostprocessing = 0;
		};
		EDA1FC6D2E3131170039A4E3 /* Resources */ = {
			isa = PBXResourcesBuildPhase;
			buildActionMask = 2147483647;
			files = (
			);
			runOnlyForDeploymentPostprocessing = 0;
		};
		EDA1FC772E3131170039A4E3 /* Resources */ = {
			isa = PBXResourcesBuildPhase;
			buildActionMask = 2147483647;
			files = (
			);
			runOnlyForDeploymentPostprocessing = 0;
		};
/* End PBXResourcesBuildPhase section */

/* Begin PBXSourcesBuildPhase section */
		EDA1FC592E3131150039A4E3 /* Sources */ = {
			isa = PBXSourcesBuildPhase;
			buildActionMask = 2147483647;
			files = (
				EDEC9C042E33AB920083ADDB /* ToDoEntity+CoreDataClass.swift in Sources */,
				EDEC9C052E33AB920083ADDB /* ToDoEntity+CoreDataProperties.swift in Sources */,
			);
			runOnlyForDeploymentPostprocessing = 0;
		};
		EDA1FC6B2E3131170039A4E3 /* Sources */ = {
			isa = PBXSourcesBuildPhase;
			buildActionMask = 2147483647;
			files = (
			);
			runOnlyForDeploymentPostprocessing = 0;
		};
		EDA1FC752E3131170039A4E3 /* Sources */ = {
			isa = PBXSourcesBuildPhase;
			buildActionMask = 2147483647;
			files = (
			);
			runOnlyForDeploymentPostprocessing = 0;
		};
/* End PBXSourcesBuildPhase section */

/* Begin PBXTargetDependency section */
		EDA1FC712E3131170039A4E3 /* PBXTargetDependency */ = {
			isa = PBXTargetDependency;
			target = EDA1FC5C2E3131150039A4E3 /* ToDOList */;
			targetProxy = EDA1FC702E3131170039A4E3 /* PBXContainerItemProxy */;
		};
		EDA1FC7B2E3131170039A4E3 /* PBXTargetDependency */ = {
			isa = PBXTargetDependency;
			target = EDA1FC5C2E3131150039A4E3 /* ToDOList */;
			targetProxy = EDA1FC7A2E3131170039A4E3 /* PBXContainerItemProxy */;
		};
/* End PBXTargetDependency section */

/* Begin XCBuildConfiguration section */
		EDA1FC812E3131170039A4E3 /* Debug */ = {
			isa = XCBuildConfiguration;
			buildSettings = {
				ALWAYS_SEARCH_USER_PATHS = NO;
				ASSETCATALOG_COMPILER_GENERATE_SWIFT_ASSET_SYMBOL_EXTENSIONS = YES;
				CLANG_ANALYZER_NONNULL = YES;
				CLANG_ANALYZER_NUMBER_OBJECT_CONVERSION = YES_AGGRESSIVE;
				CLANG_CXX_LANGUAGE_STANDARD = "gnu++20";
				CLANG_ENABLE_MODULES = YES;
				CLANG_ENABLE_OBJC_ARC = YES;
				CLANG_ENABLE_OBJC_WEAK = YES;
				CLANG_WARN_BLOCK_CAPTURE_AUTORELEASING = YES;
				CLANG_WARN_BOOL_CONVERSION = YES;
				CLANG_WARN_COMMA = YES;
				CLANG_WARN_CONSTANT_CONVERSION = YES;
				CLANG_WARN_DEPRECATED_OBJC_IMPLEMENTATIONS = YES;
				CLANG_WARN_DIRECT_OBJC_ISA_USAGE = YES_ERROR;
				CLANG_WARN_DOCUMENTATION_COMMENTS = YES;
				CLANG_WARN_EMPTY_BODY = YES;
				CLANG_WARN_ENUM_CONVERSION = YES;
				CLANG_WARN_INFINITE_RECURSION = YES;
				CLANG_WARN_INT_CONVERSION = YES;
				CLANG_WARN_NON_LITERAL_NULL_CONVERSION = YES;
				CLANG_WARN_OBJC_IMPLICIT_RETAIN_SELF = YES;
				CLANG_WARN_OBJC_LITERAL_CONVERSION = YES;
				CLANG_WARN_OBJC_ROOT_CLASS = YES_ERROR;
				CLANG_WARN_QUOTED_INCLUDE_IN_FRAMEWORK_HEADER = YES;
				CLANG_WARN_RANGE_LOOP_ANALYSIS = YES;
				CLANG_WARN_STRICT_PROTOTYPES = YES;
				CLANG_WARN_SUSPICIOUS_MOVE = YES;
				CLANG_WARN_UNGUARDED_AVAILABILITY = YES_AGGRESSIVE;
				CLANG_WARN_UNREACHABLE_CODE = YES;
				CLANG_WARN__DUPLICATE_METHOD_MATCH = YES;
				COPY_PHASE_STRIP = NO;
				DEBUG_INFORMATION_FORMAT = dwarf;
				DEVELOPMENT_TEAM = BC22K7NCS5;
				ENABLE_STRICT_OBJC_MSGSEND = YES;
				ENABLE_TESTABILITY = YES;
				ENABLE_USER_SCRIPT_SANDBOXING = YES;
				GCC_C_LANGUAGE_STANDARD = gnu17;
				GCC_DYNAMIC_NO_PIC = NO;
				GCC_NO_COMMON_BLOCKS = YES;
				GCC_OPTIMIZATION_LEVEL = 0;
				GCC_PREPROCESSOR_DEFINITIONS = (
					"DEBUG=1",
					"$(inherited)",
				);
				GCC_WARN_64_TO_32_BIT_CONVERSION = YES;
				GCC_WARN_ABOUT_RETURN_TYPE = YES_ERROR;
				GCC_WARN_UNDECLARED_SELECTOR = YES;
				GCC_WARN_UNINITIALIZED_AUTOS = YES_AGGRESSIVE;
				GCC_WARN_UNUSED_FUNCTION = YES;
				GCC_WARN_UNUSED_VARIABLE = YES;
				IPHONEOS_DEPLOYMENT_TARGET = 18.5;
				LOCALIZATION_PREFERS_STRING_CATALOGS = YES;
				MTL_ENABLE_DEBUG_INFO = INCLUDE_SOURCE;
				MTL_FAST_MATH = YES;
				ONLY_ACTIVE_ARCH = YES;
				SDKROOT = iphoneos;
				SWIFT_ACTIVE_COMPILATION_CONDITIONS = "DEBUG $(inherited)";
				SWIFT_OPTIMIZATION_LEVEL = "-Onone";
			};
			name = Debug;
		};
		EDA1FC822E3131170039A4E3 /* Release */ = {
			isa = XCBuildConfiguration;
			buildSettings = {
				ALWAYS_SEARCH_USER_PATHS = NO;
				ASSETCATALOG_COMPILER_GENERATE_SWIFT_ASSET_SYMBOL_EXTENSIONS = YES;
				CLANG_ANALYZER_NONNULL = YES;
				CLANG_ANALYZER_NUMBER_OBJECT_CONVERSION = YES_AGGRESSIVE;
				CLANG_CXX_LANGUAGE_STANDARD = "gnu++20";
				CLANG_ENABLE_MODULES = YES;
				CLANG_ENABLE_OBJC_ARC = YES;
				CLANG_ENABLE_OBJC_WEAK = YES;
				CLANG_WARN_BLOCK_CAPTURE_AUTORELEASING = YES;
				CLANG_WARN_BOOL_CONVERSION = YES;
				CLANG_WARN_COMMA = YES;
				CLANG_WARN_CONSTANT_CONVERSION = YES;
				CLANG_WARN_DEPRECATED_OBJC_IMPLEMENTATIONS = YES;
				CLANG_WARN_DIRECT_OBJC_ISA_USAGE = YES_ERROR;
				CLANG_WARN_DOCUMENTATION_COMMENTS = YES;
				CLANG_WARN_EMPTY_BODY = YES;
				CLANG_WARN_ENUM_CONVERSION = YES;
				CLANG_WARN_INFINITE_RECURSION = YES;
				CLANG_WARN_INT_CONVERSION = YES;
				CLANG_WARN_NON_LITERAL_NULL_CONVERSION = YES;
				CLANG_WARN_OBJC_IMPLICIT_RETAIN_SELF = YES;
				CLANG_WARN_OBJC_LITERAL_CONVERSION = YES;
				CLANG_WARN_OBJC_ROOT_CLASS = YES_ERROR;
				CLANG_WARN_QUOTED_INCLUDE_IN_FRAMEWORK_HEADER = YES;
				CLANG_WARN_RANGE_LOOP_ANALYSIS = YES;
				CLANG_WARN_STRICT_PROTOTYPES = YES;
				CLANG_WARN_SUSPICIOUS_MOVE = YES;
				CLANG_WARN_UNGUARDED_AVAILABILITY = YES_AGGRESSIVE;
				CLANG_WARN_UNREACHABLE_CODE = YES;
				CLANG_WARN__DUPLICATE_METHOD_MATCH = YES;
				COPY_PHASE_STRIP = NO;
				DEBUG_INFORMATION_FORMAT = "dwarf-with-dsym";
				DEVELOPMENT_TEAM = BC22K7NCS5;
				ENABLE_NS_ASSERTIONS = NO;
				ENABLE_STRICT_OBJC_MSGSEND = YES;
				ENABLE_USER_SCRIPT_SANDBOXING = YES;
				GCC_C_LANGUAGE_STANDARD = gnu17;
				GCC_NO_COMMON_BLOCKS = YES;
				GCC_WARN_64_TO_32_BIT_CONVERSION = YES;
				GCC_WARN_ABOUT_RETURN_TYPE = YES_ERROR;
				GCC_WARN_UNDECLARED_SELECTOR = YES;
				GCC_WARN_UNINITIALIZED_AUTOS = YES_AGGRESSIVE;
				GCC_WARN_UNUSED_FUNCTION = YES;
				GCC_WARN_UNUSED_VARIABLE = YES;
				IPHONEOS_DEPLOYMENT_TARGET = 18.5;
				LOCALIZATION_PREFERS_STRING_CATALOGS = YES;
				MTL_ENABLE_DEBUG_INFO = NO;
				MTL_FAST_MATH = YES;
				SDKROOT = iphoneos;
				SWIFT_COMPILATION_MODE = wholemodule;
				VALIDATE_PRODUCT = YES;
			};
			name = Release;
		};
		EDA1FC842E3131170039A4E3 /* Debug */ = {
			isa = XCBuildConfiguration;
			buildSettings = {
				ASSETCATALOG_COMPILER_APPICON_NAME = AppIcon;
				ASSETCATALOG_COMPILER_GLOBAL_ACCENT_COLOR_NAME = AccentColor;
				CODE_SIGN_STYLE = Automatic;
				CURRENT_PROJECT_VERSION = 1;
				DEVELOPMENT_TEAM = BC22K7NCS5;
				ENABLE_PREVIEWS = YES;
				GENERATE_INFOPLIST_FILE = YES;
				INFOPLIST_KEY_UIApplicationSceneManifest_Generation = YES;
				INFOPLIST_KEY_UIApplicationSupportsIndirectInputEvents = YES;
				INFOPLIST_KEY_UILaunchScreen_Generation = YES;
				INFOPLIST_KEY_UISupportedInterfaceOrientations_iPad = "UIInterfaceOrientationPortrait UIInterfaceOrientationPortraitUpsideDown UIInterfaceOrientationLandscapeLeft UIInterfaceOrientationLandscapeRight";
				INFOPLIST_KEY_UISupportedInterfaceOrientations_iPhone = "UIInterfaceOrientationPortrait UIInterfaceOrientationLandscapeLeft UIInterfaceOrientationLandscapeRight";
				LD_RUNPATH_SEARCH_PATHS = (
					"$(inherited)",
					"@executable_path/Frameworks",
				);
				MARKETING_VERSION = 1.0;
				PRODUCT_BUNDLE_IDENTIFIER = unior.ToDOList;
				PRODUCT_NAME = "$(TARGET_NAME)";
				SWIFT_EMIT_LOC_STRINGS = YES;
				SWIFT_VERSION = 5.0;
				TARGETED_DEVICE_FAMILY = "1,2";
			};
			name = Debug;
		};
		EDA1FC852E3131170039A4E3 /* Release */ = {
			isa = XCBuildConfiguration;
			buildSettings = {
				ASSETCATALOG_COMPILER_APPICON_NAME = AppIcon;
				ASSETCATALOG_COMPILER_GLOBAL_ACCENT_COLOR_NAME = AccentColor;
				CODE_SIGN_STYLE = Automatic;
				CURRENT_PROJECT_VERSION = 1;
				DEVELOPMENT_TEAM = BC22K7NCS5;
				ENABLE_PREVIEWS = YES;
				GENERATE_INFOPLIST_FILE = YES;
				INFOPLIST_KEY_UIApplicationSceneManifest_Generation = YES;
				INFOPLIST_KEY_UIApplicationSupportsIndirectInputEvents = YES;
				INFOPLIST_KEY_UILaunchScreen_Generation = YES;
				INFOPLIST_KEY_UISupportedInterfaceOrientations_iPad = "UIInterfaceOrientationPortrait UIInterfaceOrientationPortraitUpsideDown UIInterfaceOrientationLandscapeLeft UIInterfaceOrientationLandscapeRight";
				INFOPLIST_KEY_UISupportedInterfaceOrientations_iPhone = "UIInterfaceOrientationPortrait UIInterfaceOrientationLandscapeLeft UIInterfaceOrientationLandscapeRight";
				LD_RUNPATH_SEARCH_PATHS = (
					"$(inherited)",
					"@executable_path/Frameworks",
				);
				MARKETING_VERSION = 1.0;
				PRODUCT_BUNDLE_IDENTIFIER = unior.ToDOList;
				PRODUCT_NAME = "$(TARGET_NAME)";
				SWIFT_EMIT_LOC_STRINGS = YES;
				SWIFT_VERSION = 5.0;
				TARGETED_DEVICE_FAMILY = "1,2";
			};
			name = Release;
		};
		EDA1FC872E3131170039A4E3 /* Debug */ = {
			isa = XCBuildConfiguration;
			buildSettings = {
				BUNDLE_LOADER = "$(TEST_HOST)";
				CODE_SIGN_STYLE = Automatic;
				CURRENT_PROJECT_VERSION = 1;
				DEVELOPMENT_TEAM = BC22K7NCS5;
				GENERATE_INFOPLIST_FILE = YES;
				IPHONEOS_DEPLOYMENT_TARGET = 18.5;
				MARKETING_VERSION = 1.0;
				PRODUCT_BUNDLE_IDENTIFIER = unior.ToDOListTests;
				PRODUCT_NAME = "$(TARGET_NAME)";
				SWIFT_EMIT_LOC_STRINGS = NO;
				SWIFT_VERSION = 5.0;
				TARGETED_DEVICE_FAMILY = "1,2";
				TEST_HOST = "$(BUILT_PRODUCTS_DIR)/ToDOList.app/$(BUNDLE_EXECUTABLE_FOLDER_PATH)/ToDOList";
			};
			name = Debug;
		};
		EDA1FC882E3131170039A4E3 /* Release */ = {
			isa = XCBuildConfiguration;
			buildSettings = {
				BUNDLE_LOADER = "$(TEST_HOST)";
				CODE_SIGN_STYLE = Automatic;
				CURRENT_PROJECT_VERSION = 1;
				DEVELOPMENT_TEAM = BC22K7NCS5;
				GENERATE_INFOPLIST_FILE = YES;
				IPHONEOS_DEPLOYMENT_TARGET = 18.5;
				MARKETING_VERSION = 1.0;
				PRODUCT_BUNDLE_IDENTIFIER = unior.ToDOListTests;
				PRODUCT_NAME = "$(TARGET_NAME)";
				SWIFT_EMIT_LOC_STRINGS = NO;
				SWIFT_VERSION = 5.0;
				TARGETED_DEVICE_FAMILY = "1,2";
				TEST_HOST = "$(BUILT_PRODUCTS_DIR)/ToDOList.app/$(BUNDLE_EXECUTABLE_FOLDER_PATH)/ToDOList";
			};
			name = Release;
		};
		EDA1FC8A2E3131170039A4E3 /* Debug */ = {
			isa = XCBuildConfiguration;
			buildSettings = {
				CODE_SIGN_STYLE = Automatic;
				CURRENT_PROJECT_VERSION = 1;
				DEVELOPMENT_TEAM = BC22K7NCS5;
				GENERATE_INFOPLIST_FILE = YES;
				MARKETING_VERSION = 1.0;
				PRODUCT_BUNDLE_IDENTIFIER = unior.ToDOListUITests;
				PRODUCT_NAME = "$(TARGET_NAME)";
				SWIFT_EMIT_LOC_STRINGS = NO;
				SWIFT_VERSION = 5.0;
				TARGETED_DEVICE_FAMILY = "1,2";
				TEST_TARGET_NAME = ToDOList;
			};
			name = Debug;
		};
		EDA1FC8B2E3131170039A4E3 /* Release */ = {
			isa = XCBuildConfiguration;
			buildSettings = {
				CODE_SIGN_STYLE = Automatic;
				CURRENT_PROJECT_VERSION = 1;
				DEVELOPMENT_TEAM = BC22K7NCS5;
				GENERATE_INFOPLIST_FILE = YES;
				MARKETING_VERSION = 1.0;
				PRODUCT_BUNDLE_IDENTIFIER = unior.ToDOListUITests;
				PRODUCT_NAME = "$(TARGET_NAME)";
				SWIFT_EMIT_LOC_STRINGS = NO;
				SWIFT_VERSION = 5.0;
				TARGETED_DEVICE_FAMILY = "1,2";
				TEST_TARGET_NAME = ToDOList;
			};
			name = Release;
		};
/* End XCBuildConfiguration section */

/* Begin XCConfigurationList section */
		EDA1FC582E3131150039A4E3 /* Build configuration list for PBXProject "ToDOList" */ = {
			isa = XCConfigurationList;
			buildConfigurations = (
				EDA1FC812E3131170039A4E3 /* Debug */,
				EDA1FC822E3131170039A4E3 /* Release */,
			);
			defaultConfigurationIsVisible = 0;
			defaultConfigurationName = Release;
		};
		EDA1FC832E3131170039A4E3 /* Build configuration list for PBXNativeTarget "ToDOList" */ = {
			isa = XCConfigurationList;
			buildConfigurations = (
				EDA1FC842E3131170039A4E3 /* Debug */,
				EDA1FC852E3131170039A4E3 /* Release */,
			);
			defaultConfigurationIsVisible = 0;
			defaultConfigurationName = Release;
		};
		EDA1FC862E3131170039A4E3 /* Build configuration list for PBXNativeTarget "ToDOListTests" */ = {
			isa = XCConfigurationList;
			buildConfigurations = (
				EDA1FC872E3131170039A4E3 /* Debug */,
				EDA1FC882E3131170039A4E3 /* Release */,
			);
			defaultConfigurationIsVisible = 0;
			defaultConfigurationName = Release;
		};
		EDA1FC892E3131170039A4E3 /* Build configuration list for PBXNativeTarget "ToDOListUITests" */ = {
			isa = XCConfigurationList;
			buildConfigurations = (
				EDA1FC8A2E3131170039A4E3 /* Debug */,
				EDA1FC8B2E3131170039A4E3 /* Release */,
			);
			defaultConfigurationIsVisible = 0;
			defaultConfigurationName = Release;
		};
/* End XCConfigurationList section */
	};
	rootObject = EDA1FC552E3131150039A4E3 /* Project object */;
}
